
Microsoft Visual Studio Solution File, Format Version 12.00
# Visual Studio Version 17
VisualStudioVersion = 17.9.34723.18
MinimumVisualStudioVersion = 10.0.40219.1
Project("{9A19103F-16F7-4668-BE54-9A1E7A4F7556}") = "RestaurantManagementSystem", "RestaurantManagementSystem.csproj", "{D86DF8C4-5972-4AE6-AE3A-90BC887E8182}"
EndProject
Global
	GlobalSection(SolutionConfigurationPlatforms) = preSolution
		Debug|Any CPU = Debug|Any CPU
		Release|Any CPU = Release|Any CPU
	EndGlobalSection
	GlobalSection(ProjectConfigurationPlatforms) = postSolution
		{D86DF8C4-5972-4AE6-AE3A-90BC887E8182}.Debug|Any CPU.ActiveCfg = Debug|Any CPU
		{D86DF8C4-5972-4AE6-AE3A-90BC887E8182}.Debug|Any CPU.Build.0 = Debug|Any CPU
		{D86DF8C4-5972-4AE6-AE3A-90BC887E8182}.Debug|Any CPU.Deploy.0 = Debug|Any CPU
		{D86DF8C4-5972-4AE6-AE3A-90BC887E8182}.Release|Any CPU.ActiveCfg = Release|Any CPU
		{D86DF8C4-5972-4AE6-AE3A-90BC887E8182}.Release|Any CPU.Build.0 = Release|Any CPU
		{D86DF8C4-5972-4AE6-AE3A-90BC887E8182}.Release|Any CPU.Deploy.0 = Release|Any CPU
	EndGlobalSection
	GlobalSection(SolutionProperties) = preSolution
		HideSolutionNode = FALSE
	EndGlobalSection
	GlobalSection(ExtensibilityGlobals) = postSolution
		SolutionGuid = {569CF3CD-0E7B-4B0B-9F51-E0859665DE3D}
	EndGlobalSection
EndGlobal
